// !$*UTF8*$!
{
	archiveVersion = 1;
	classes = {
	};
	objectVersion = 46;
	objects = {

/* Begin PBXBuildFile section */
		1A7B33D4757501BCA8F92383 /* libPods-self-message.a in Frameworks */ = {isa = PBXBuildFile; fileRef = F00D53022C86B1DE09BEB676 /* libPods-self-message.a */; };
		A64C92F41BEA343E008F6744 /* main.m in Sources */ = {isa = PBXBuildFile; fileRef = A64C92F31BEA343E008F6744 /* main.m */; };
		A64C92F71BEA343E008F6744 /* SMAppDelegate.m in Sources */ = {isa = PBXBuildFile; fileRef = A64C92F61BEA343E008F6744 /* SMAppDelegate.m */; };
		A64C92FA1BEA343E008F6744 /* SMChatViewController.m in Sources */ = {isa = PBXBuildFile; fileRef = A64C92F91BEA343E008F6744 /* SMChatViewController.m */; };
		A64C92FD1BEA343E008F6744 /* Main.storyboard in Resources */ = {isa = PBXBuildFile; fileRef = A64C92FB1BEA343E008F6744 /* Main.storyboard */; };
		A64C92FF1BEA343E008F6744 /* Assets.xcassets in Resources */ = {isa = PBXBuildFile; fileRef = A64C92FE1BEA343E008F6744 /* Assets.xcassets */; };
		A64C930E1BEA3E86008F6744 /* SMViewController.m in Sources */ = {isa = PBXBuildFile; fileRef = A64C930D1BEA3E86008F6744 /* SMViewController.m */; };
/* End PBXBuildFile section */

/* Begin PBXFileReference section */
		556201E42B6C6DFDF46293AF /* Pods-self-message.debug.xcconfig */ = {isa = PBXFileReference; includeInIndex = 1; lastKnownFileType = text.xcconfig; name = "Pods-self-message.debug.xcconfig"; path = "Pods/Target Support Files/Pods-self-message/Pods-self-message.debug.xcconfig"; sourceTree = "<group>"; };
		A64C92EF1BEA343E008F6744 /* self-message.app */ = {isa = PBXFileReference; explicitFileType = wrapper.application; includeInIndex = 0; path = "self-message.app"; sourceTree = BUILT_PRODUCTS_DIR; };
		A64C92F31BEA343E008F6744 /* main.m */ = {isa = PBXFileReference; lastKnownFileType = sourcecode.c.objc; path = main.m; sourceTree = "<group>"; };
		A64C92F51BEA343E008F6744 /* SMAppDelegate.h */ = {isa = PBXFileReference; lastKnownFileType = sourcecode.c.h; path = SMAppDelegate.h; sourceTree = "<group>"; };
		A64C92F61BEA343E008F6744 /* SMAppDelegate.m */ = {isa = PBXFileReference; lastKnownFileType = sourcecode.c.objc; path = SMAppDelegate.m; sourceTree = "<group>"; };
		A64C92F81BEA343E008F6744 /* SMChatViewController.h */ = {isa = PBXFileReference; lastKnownFileType = sourcecode.c.h; path = SMChatViewController.h; sourceTree = "<group>"; };
		A64C92F91BEA343E008F6744 /* SMChatViewController.m */ = {isa = PBXFileReference; lastKnownFileType = sourcecode.c.objc; path = SMChatViewController.m; sourceTree = "<group>"; };
		A64C92FC1BEA343E008F6744 /* Base */ = {isa = PBXFileReference; lastKnownFileType = file.storyboard; name = Base; path = Base.lproj/Main.storyboard; sourceTree = "<group>"; };
		A64C92FE1BEA343E008F6744 /* Assets.xcassets */ = {isa = PBXFileReference; lastKnownFileType = folder.assetcatalog; path = Assets.xcassets; sourceTree = "<group>"; };
		A64C93031BEA343E008F6744 /* Info.plist */ = {isa = PBXFileReference; lastKnownFileType = text.plist.xml; path = Info.plist; sourceTree = "<group>"; };
		A64C930C1BEA3E86008F6744 /* SMViewController.h */ = {isa = PBXFileReference; fileEncoding = 4; lastKnownFileType = sourcecode.c.h; path = SMViewController.h; sourceTree = "<group>"; };
		A64C930D1BEA3E86008F6744 /* SMViewController.m */ = {isa = PBXFileReference; fileEncoding = 4; lastKnownFileType = sourcecode.c.objc; path = SMViewController.m; sourceTree = "<group>"; };
		EE7B5C35BE12550ECD0E92A7 /* Pods-self-message.release.xcconfig */ = {isa = PBXFileReference; includeInIndex = 1; lastKnownFileType = text.xcconfig; name = "Pods-self-message.release.xcconfig"; path = "Pods/Target Support Files/Pods-self-message/Pods-self-message.release.xcconfig"; sourceTree = "<group>"; };
		F00D53022C86B1DE09BEB676 /* libPods-self-message.a */ = {isa = PBXFileReference; explicitFileType = archive.ar; includeInIndex = 0; path = "libPods-self-message.a"; sourceTree = BUILT_PRODUCTS_DIR; };
/* End PBXFileReference section */

/* Begin PBXFrameworksBuildPhase section */
		A64C92EC1BEA343E008F6744 /* Frameworks */ = {
			isa = PBXFrameworksBuildPhase;
			buildActionMask = 2147483647;
			files = (
				1A7B33D4757501BCA8F92383 /* libPods-self-message.a in Frameworks */,
			);
			runOnlyForDeploymentPostprocessing = 0;
		};
/* End PBXFrameworksBuildPhase section */

/* Begin PBXGroup section */
		0F493A8D99EDD663B5C249EF /* Frameworks */ = {
			isa = PBXGroup;
			children = (
				F00D53022C86B1DE09BEB676 /* libPods-self-message.a */,
			);
			name = Frameworks;
			sourceTree = "<group>";
		};
		98729CFAACB6EE969B59505A /* Pods */ = {
			isa = PBXGroup;
			children = (
				556201E42B6C6DFDF46293AF /* Pods-self-message.debug.xcconfig */,
				EE7B5C35BE12550ECD0E92A7 /* Pods-self-message.release.xcconfig */,
			);
			name = Pods;
			sourceTree = "<group>";
		};
		A64C92E61BEA343E008F6744 = {
			isa = PBXGroup;
			children = (
				A64C92F11BEA343E008F6744 /* self-message */,
				A64C92F01BEA343E008F6744 /* Products */,
				98729CFAACB6EE969B59505A /* Pods */,
				0F493A8D99EDD663B5C249EF /* Frameworks */,
			);
			sourceTree = "<group>";
		};
		A64C92F01BEA343E008F6744 /* Products */ = {
			isa = PBXGroup;
			children = (
				A64C92EF1BEA343E008F6744 /* self-message.app */,
			);
			name = Products;
			sourceTree = "<group>";
		};
		A64C92F11BEA343E008F6744 /* self-message */ = {
			isa = PBXGroup;
			children = (
				A64C93111BEABB47008F6744 /* Library */,
				A64C93101BEABB34008F6744 /* Views */,
				A64C930F1BEABB24008F6744 /* Models */,
				A64C93091BEA3774008F6744 /* ViewControllers */,
				A64C92FE1BEA343E008F6744 /* Assets.xcassets */,
				A64C92FB1BEA343E008F6744 /* Main.storyboard */,
				A64C92F51BEA343E008F6744 /* SMAppDelegate.h */,
				A64C92F61BEA343E008F6744 /* SMAppDelegate.m */,
				A64C92F21BEA343E008F6744 /* Supporting Files */,
				A64C93031BEA343E008F6744 /* Info.plist */,
			);
			path = "self-message";
			sourceTree = "<group>";
		};
		A64C92F21BEA343E008F6744 /* Supporting Files */ = {
			isa = PBXGroup;
			children = (
				A64C92F31BEA343E008F6744 /* main.m */,
			);
			name = "Supporting Files";
			sourceTree = "<group>";
		};
		A64C93091BEA3774008F6744 /* ViewControllers */ = {
			isa = PBXGroup;
			children = (
				A64C930B1BEA3E4B008F6744 /* Base */,
				A64C930A1BEA3E3B008F6744 /* Chat */,
			);
			path = ViewControllers;
			sourceTree = "<group>";
		};
		A64C930A1BEA3E3B008F6744 /* Chat */ = {
			isa = PBXGroup;
			children = (
				A64C92F81BEA343E008F6744 /* SMChatViewController.h */,
				A64C92F91BEA343E008F6744 /* SMChatViewController.m */,
			);
			path = Chat;
			sourceTree = "<group>";
		};
		A64C930B1BEA3E4B008F6744 /* Base */ = {
			isa = PBXGroup;
			children = (
				A64C930C1BEA3E86008F6744 /* SMViewController.h */,
				A64C930D1BEA3E86008F6744 /* SMViewController.m */,
			);
			path = Base;
			sourceTree = "<group>";
		};
		A64C930F1BEABB24008F6744 /* Models */ = {
			isa = PBXGroup;
			children = (
			);
			path = Models;
			sourceTree = "<group>";
		};
		A64C93101BEABB34008F6744 /* Views */ = {
			isa = PBXGroup;
			children = (
			);
			path = Views;
			sourceTree = "<group>";
		};
		A64C93111BEABB47008F6744 /* Library */ = {
			isa = PBXGroup;
			children = (
				A64C93121BEABB7F008F6744 /* API */,
			);
			path = Library;
			sourceTree = "<group>";
		};
		A64C93121BEABB7F008F6744 /* API */ = {
			isa = PBXGroup;
			children = (
			);
			path = API;
			sourceTree = "<group>";
		};
/* End PBXGroup section */

/* Begin PBXNativeTarget section */
		A64C92EE1BEA343E008F6744 /* self-message */ = {
			isa = PBXNativeTarget;
			buildConfigurationList = A64C93061BEA343E008F6744 /* Build configuration list for PBXNativeTarget "self-message" */;
			buildPhases = (
				ACB6B919261E9306282E38D9 /* Check Pods Manifest.lock */,
				A64C92EB1BEA343E008F6744 /* Sources */,
				A64C92EC1BEA343E008F6744 /* Frameworks */,
				A64C92ED1BEA343E008F6744 /* Resources */,
				FBDF03EF9BD47CBD8F8C4033 /* Embed Pods Frameworks */,
				B9FB776DAB6869029691A8F4 /* Copy Pods Resources */,
			);
			buildRules = (
			);
			dependencies = (
			);
			name = "self-message";
			productName = "self-message";
			productReference = A64C92EF1BEA343E008F6744 /* self-message.app */;
			productType = "com.apple.product-type.application";
		};
/* End PBXNativeTarget section */

/* Begin PBXProject section */
		A64C92E71BEA343E008F6744 /* Project object */ = {
			isa = PBXProject;
			attributes = {
				CLASSPREFIX = SM;
				LastUpgradeCheck = 0710;
				ORGANIZATIONNAME = prigodich;
				TargetAttributes = {
					A64C92EE1BEA343E008F6744 = {
						CreatedOnToolsVersion = 7.1;
					};
				};
			};
			buildConfigurationList = A64C92EA1BEA343E008F6744 /* Build configuration list for PBXProject "self-message" */;
			compatibilityVersion = "Xcode 3.2";
			developmentRegion = English;
			hasScannedForEncodings = 0;
			knownRegions = (
				en,
				Base,
			);
			mainGroup = A64C92E61BEA343E008F6744;
			productRefGroup = A64C92F01BEA343E008F6744 /* Products */;
			projectDirPath = "";
			projectRoot = "";
			targets = (
				A64C92EE1BEA343E008F6744 /* self-message */,
			);
		};
/* End PBXProject section */

/* Begin PBXResourcesBuildPhase section */
		A64C92ED1BEA343E008F6744 /* Resources */ = {
			isa = PBXResourcesBuildPhase;
			buildActionMask = 2147483647;
			files = (
				A64C92FF1BEA343E008F6744 /* Assets.xcassets in Resources */,
				A64C92FD1BEA343E008F6744 /* Main.storyboard in Resources */,
			);
			runOnlyForDeploymentPostprocessing = 0;
		};
/* End PBXResourcesBuildPhase section */

/* Begin PBXShellScriptBuildPhase section */
		ACB6B919261E9306282E38D9 /* Check Pods Manifest.lock */ = {
			isa = PBXShellScriptBuildPhase;
			buildActionMask = 2147483647;
			files = (
			);
			inputPaths = (
			);
			name = "Check Pods Manifest.lock";
			outputPaths = (
			);
			runOnlyForDeploymentPostprocessing = 0;
			shellPath = /bin/sh;
			shellScript = "diff \"${PODS_ROOT}/../Podfile.lock\" \"${PODS_ROOT}/Manifest.lock\" > /dev/null\nif [[ $? != 0 ]] ; then\n    cat << EOM\nerror: The sandbox is not in sync with the Podfile.lock. Run 'pod install' or update your CocoaPods installation.\nEOM\n    exit 1\nfi\n";
			showEnvVarsInLog = 0;
		};
		B9FB776DAB6869029691A8F4 /* Copy Pods Resources */ = {
			isa = PBXShellScriptBuildPhase;
			buildActionMask = 2147483647;
			files = (
			);
			inputPaths = (
			);
			name = "Copy Pods Resources";
			outputPaths = (
			);
			runOnlyForDeploymentPostprocessing = 0;
			shellPath = /bin/sh;
			shellScript = "\"${SRCROOT}/Pods/Target Support Files/Pods-self-message/Pods-self-message-resources.sh\"\n";
			showEnvVarsInLog = 0;
		};
		FBDF03EF9BD47CBD8F8C4033 /* Embed Pods Frameworks */ = {
			isa = PBXShellScriptBuildPhase;
			buildActionMask = 2147483647;
			files = (
			);
			inputPaths = (
			);
			name = "Embed Pods Frameworks";
			outputPaths = (
			);
			runOnlyForDeploymentPostprocessing = 0;
			shellPath = /bin/sh;
			shellScript = "\"${SRCROOT}/Pods/Target Support Files/Pods-self-message/Pods-self-message-frameworks.sh\"\n";
			showEnvVarsInLog = 0;
		};
/* End PBXShellScriptBuildPhase section */

/* Begin PBXSourcesBuildPhase section */
		A64C92EB1BEA343E008F6744 /* Sources */ = {
			isa = PBXSourcesBuildPhase;
			buildActionMask = 2147483647;
			files = (
				A64C930E1BEA3E86008F6744 /* SMViewController.m in Sources */,
				A64C92FA1BEA343E008F6744 /* SMChatViewController.m in Sources */,
				A64C92F71BEA343E008F6744 /* SMAppDelegate.m in Sources */,
				A64C92F41BEA343E008F6744 /* main.m in Sources */,
			);
			runOnlyForDeploymentPostprocessing = 0;
		};
/* End PBXSourcesBuildPhase section */

/* Begin PBXVariantGroup section */
		A64C92FB1BEA343E008F6744 /* Main.storyboard */ = {
			isa = PBXVariantGroup;
			children = (
				A64C92FC1BEA343E008F6744 /* Base */,
			);
			name = Main.storyboard;
			sourceTree = "<group>";
		};
/* End PBXVariantGroup section */

/* Begin XCBuildConfiguration section */
		A64C93041BEA343E008F6744 /* Debug */ = {
			isa = XCBuildConfiguration;
			buildSettings = {
				ALWAYS_SEARCH_USER_PATHS = NO;
				CLANG_CXX_LANGUAGE_STANDARD = "gnu++0x";
				CLANG_CXX_LIBRARY = "libc++";
				CLANG_ENABLE_MODULES = YES;
				CLANG_ENABLE_OBJC_ARC = YES;
				CLANG_WARN_BOOL_CONVERSION = YES;
				CLANG_WARN_CONSTANT_CONVERSION = YES;
				CLANG_WARN_DIRECT_OBJC_ISA_USAGE = YES_ERROR;
				CLANG_WARN_EMPTY_BODY = YES;
				CLANG_WARN_ENUM_CONVERSION = YES;
				CLANG_WARN_INT_CONVERSION = YES;
				CLANG_WARN_OBJC_ROOT_CLASS = YES_ERROR;
				CLANG_WARN_UNREACHABLE_CODE = YES;
				CLANG_WARN__DUPLICATE_METHOD_MATCH = YES;
				"CODE_SIGN_IDENTITY[sdk=iphoneos*]" = "iPhone Developer";
				COPY_PHASE_STRIP = NO;
				DEBUG_INFORMATION_FORMAT = dwarf;
				ENABLE_STRICT_OBJC_MSGSEND = YES;
				ENABLE_TESTABILITY = YES;
				GCC_C_LANGUAGE_STANDARD = gnu99;
				GCC_DYNAMIC_NO_PIC = NO;
				GCC_NO_COMMON_BLOCKS = YES;
				GCC_OPTIMIZATION_LEVEL = 0;
				GCC_PREPROCESSOR_DEFINITIONS = (
					"DEBUG=1",
					"$(inherited)",
				);
				GCC_WARN_64_TO_32_BIT_CONVERSION = YES;
				GCC_WARN_ABOUT_RETURN_TYPE = YES_ERROR;
				GCC_WARN_UNDECLARED_SELECTOR = YES;
				GCC_WARN_UNINITIALIZED_AUTOS = YES_AGGRESSIVE;
				GCC_WARN_UNUSED_FUNCTION = YES;
				GCC_WARN_UNUSED_VARIABLE = YES;
				IPHONEOS_DEPLOYMENT_TARGET = 7.0;
				MTL_ENABLE_DEBUG_INFO = YES;
				ONLY_ACTIVE_ARCH = YES;
				SDKROOT = iphoneos;
			};
			name = Debug;
		};
		A64C93051BEA343E008F6744 /* Release */ = {
			isa = XCBuildConfiguration;
			buildSettings = {
				ALWAYS_SEARCH_USER_PATHS = NO;
				CLANG_CXX_LANGUAGE_STANDARD = "gnu++0x";
				CLANG_CXX_LIBRARY = "libc++";
				CLANG_ENABLE_MODULES = YES;
				CLANG_ENABLE_OBJC_ARC = YES;
				CLANG_WARN_BOOL_CONVERSION = YES;
				CLANG_WARN_CONSTANT_CONVERSION = YES;
				CLANG_WARN_DIRECT_OBJC_ISA_USAGE = YES_ERROR;
				CLANG_WARN_EMPTY_BODY = YES;
				CLANG_WARN_ENUM_CONVERSION = YES;
				CLANG_WARN_INT_CONVERSION = YES;
				CLANG_WARN_OBJC_ROOT_CLASS = YES_ERROR;
				CLANG_WARN_UNREACHABLE_CODE = YES;
				CLANG_WARN__DUPLICATE_METHOD_MATCH = YES;
				"CODE_SIGN_IDENTITY[sdk=iphoneos*]" = "iPhone Developer";
				COPY_PHASE_STRIP = NO;
				DEBUG_INFORMATION_FORMAT = "dwarf-with-dsym";
				ENABLE_NS_ASSERTIONS = NO;
				ENABLE_STRICT_OBJC_MSGSEND = YES;
				GCC_C_LANGUAGE_STANDARD = gnu99;
				GCC_NO_COMMON_BLOCKS = YES;
				GCC_WARN_64_TO_32_BIT_CONVERSION = YES;
				GCC_WARN_ABOUT_RETURN_TYPE = YES_ERROR;
				GCC_WARN_UNDECLARED_SELECTOR = YES;
				GCC_WARN_UNINITIALIZED_AUTOS = YES_AGGRESSIVE;
				GCC_WARN_UNUSED_FUNCTION = YES;
				GCC_WARN_UNUSED_VARIABLE = YES;
				IPHONEOS_DEPLOYMENT_TARGET = 7.0;
				MTL_ENABLE_DEBUG_INFO = NO;
				SDKROOT = iphoneos;
				VALIDATE_PRODUCT = YES;
			};
			name = Release;
		};
		A64C93071BEA343E008F6744 /* Debug */ = {
			isa = XCBuildConfiguration;
			baseConfigurationReference = 556201E42B6C6DFDF46293AF /* Pods-self-message.debug.xcconfig */;
			buildSettings = {
				ASSETCATALOG_COMPILER_APPICON_NAME = AppIcon;
				ASSETCATALOG_COMPILER_LAUNCHIMAGE_NAME = "Brand Assets";
				INFOPLIST_FILE = "self-message/Info.plist";
				LD_RUNPATH_SEARCH_PATHS = "$(inherited) @executable_path/Frameworks";
				PRODUCT_BUNDLE_IDENTIFIER = "prigodich.self-message";
				PRODUCT_NAME = "$(TARGET_NAME)";
			};
			name = Debug;
		};
		A64C93081BEA343E008F6744 /* Release */ = {
			isa = XCBuildConfiguration;
			baseConfigurationReference = EE7B5C35BE12550ECD0E92A7 /* Pods-self-message.release.xcconfig */;
			buildSettings = {
				ASSETCATALOG_COMPILER_APPICON_NAME = AppIcon;
				ASSETCATALOG_COMPILER_LAUNCHIMAGE_NAME = "Brand Assets";
				INFOPLIST_FILE = "self-message/Info.plist";
				LD_RUNPATH_SEARCH_PATHS = "$(inherited) @executable_path/Frameworks";
				PRODUCT_BUNDLE_IDENTIFIER = "prigodich.self-message";
				PRODUCT_NAME = "$(TARGET_NAME)";
			};
			name = Release;
		};
/* End XCBuildConfiguration section */

/* Begin XCConfigurationList section */
		A64C92EA1BEA343E008F6744 /* Build configuration list for PBXProject "self-message" */ = {
			isa = XCConfigurationList;
			buildConfigurations = (
				A64C93041BEA343E008F6744 /* Debug */,
				A64C93051BEA343E008F6744 /* Release */,
			);
			defaultConfigurationIsVisible = 0;
			defaultConfigurationName = Release;
		};
		A64C93061BEA343E008F6744 /* Build configuration list for PBXNativeTarget "self-message" */ = {
			isa = XCConfigurationList;
			buildConfigurations = (
				A64C93071BEA343E008F6744 /* Debug */,
				A64C93081BEA343E008F6744 /* Release */,
			);
			defaultConfigurationIsVisible = 0;
			defaultConfigurationName = Release;
		};
/* End XCConfigurationList section */
	};
	rootObject = A64C92E71BEA343E008F6744 /* Project object */;
}
